PODS:
  - GRPickerViewController (0.0.5)

DEPENDENCIES:
  - GRPickerViewController (from `https://github.com/iOSGaurav/GRPickerViewController.git`, branch `master`)

EXTERNAL SOURCES:
  GRPickerViewController:
    :branch: master
    :git: https://github.com/iOSGaurav/GRPickerViewController.git

CHECKOUT OPTIONS:
  GRPickerViewController:
    :commit: f9d08e36406e2f90f70dfa4749ed7efadb220781
    :git: https://github.com/iOSGaurav/GRPickerViewController.git

SPEC CHECKSUMS:
  GRPickerViewController: 933d50ef49af3a5bfc35b5b9ed1d71295308c583

PODFILE CHECKSUM: daa16a6c9dcf8d5145d993f967c62f1edaf91a5d

COCOAPODS: 1.10.1
